
Microsoft Visual Studio Solution File, Format Version 12.00
# Visual Studio Version 16
VisualStudioVersion = 16.0.30413.136
MinimumVisualStudioVersion = 10.0.40219.1
Project("{FAE04EC0-301F-11D3-BF4B-00C04F79EFBC}") = "array_bubblesort", "array_bubblesort\array_bubblesort.csproj", "{8AD5104D-553E-4005-BA5F-3364A1B186F0}"
EndProject
Global
	GlobalSection(SolutionConfigurationPlatforms) = preSolution
		Debug|Any CPU = Debug|Any CPU
		Release|Any CPU = Release|Any CPU
	EndGlobalSection
	GlobalSection(ProjectConfigurationPlatforms) = postSolution
		{8AD5104D-553E-4005-BA5F-3364A1B186F0}.Debug|Any CPU.ActiveCfg = Debug|Any CPU
		{8AD5104D-553E-4005-BA5F-3364A1B186F0}.Debug|Any CPU.Build.0 = Debug|Any CPU
		{8AD5104D-553E-4005-BA5F-3364A1B186F0}.Release|Any CPU.ActiveCfg = Release|Any CPU
		{8AD5104D-553E-4005-BA5F-3364A1B186F0}.Release|Any CPU.Build.0 = Release|Any CPU
	EndGlobalSection
	GlobalSection(SolutionProperties) = preSolution
		HideSolutionNode = FALSE
	EndGlobalSection
	GlobalSection(ExtensibilityGlobals) = postSolution
		SolutionGuid = {1C940F19-08C2-4C72-B01F-B5382A734E8C}
	EndGlobalSection
EndGlobal
